
Microsoft Visual Studio Solution File, Format Version 12.00
# Visual Studio 2012
Project("{FAE04EC0-301F-11D3-BF4B-00C04F79EFBC}") = "GestionNote", "GestionNote\GestionNote.csproj", "{595DDD78-EB74-4C93-86AA-CC297825B4F6}"
EndProject
Project("{FAE04EC0-301F-11D3-BF4B-00C04F79EFBC}") = "ConsoleEcole", "ConsoleEcole\ConsoleEcole.csproj", "{E45B2FDF-9978-4F7E-9E21-80C18356469F}"
EndProject
Project("{FAE04EC0-301F-11D3-BF4B-00C04F79EFBC}") = "ClassLibraryDB", "ClassLibrary1\ClassLibraryDB.csproj", "{0CE02376-2214-45EA-8707-9115A8B7783A}"
EndProject
Project("{FAE04EC0-301F-11D3-BF4B-00C04F79EFBC}") = "WcfEcole", "WcfEcole\WcfEcole.csproj", "{15B3E0D2-6217-493A-A690-158C497F5318}"
EndProject
Global
	GlobalSection(SolutionConfigurationPlatforms) = preSolution
		Debug|Any CPU = Debug|Any CPU
		Release|Any CPU = Release|Any CPU
	EndGlobalSection
	GlobalSection(ProjectConfigurationPlatforms) = postSolution
		{595DDD78-EB74-4C93-86AA-CC297825B4F6}.Debug|Any CPU.ActiveCfg = Debug|Any CPU
		{595DDD78-EB74-4C93-86AA-CC297825B4F6}.Debug|Any CPU.Build.0 = Debug|Any CPU
		{595DDD78-EB74-4C93-86AA-CC297825B4F6}.Release|Any CPU.ActiveCfg = Release|Any CPU
		{595DDD78-EB74-4C93-86AA-CC297825B4F6}.Release|Any CPU.Build.0 = Release|Any CPU
		{E45B2FDF-9978-4F7E-9E21-80C18356469F}.Debug|Any CPU.ActiveCfg = Debug|Any CPU
		{E45B2FDF-9978-4F7E-9E21-80C18356469F}.Debug|Any CPU.Build.0 = Debug|Any CPU
		{E45B2FDF-9978-4F7E-9E21-80C18356469F}.Release|Any CPU.ActiveCfg = Release|Any CPU
		{E45B2FDF-9978-4F7E-9E21-80C18356469F}.Release|Any CPU.Build.0 = Release|Any CPU
		{0CE02376-2214-45EA-8707-9115A8B7783A}.Debug|Any CPU.ActiveCfg = Debug|Any CPU
		{0CE02376-2214-45EA-8707-9115A8B7783A}.Debug|Any CPU.Build.0 = Debug|Any CPU
		{0CE02376-2214-45EA-8707-9115A8B7783A}.Release|Any CPU.ActiveCfg = Release|Any CPU
		{0CE02376-2214-45EA-8707-9115A8B7783A}.Release|Any CPU.Build.0 = Release|Any CPU
		{15B3E0D2-6217-493A-A690-158C497F5318}.Debug|Any CPU.ActiveCfg = Debug|Any CPU
		{15B3E0D2-6217-493A-A690-158C497F5318}.Debug|Any CPU.Build.0 = Debug|Any CPU
		{15B3E0D2-6217-493A-A690-158C497F5318}.Release|Any CPU.ActiveCfg = Release|Any CPU
		{15B3E0D2-6217-493A-A690-158C497F5318}.Release|Any CPU.Build.0 = Release|Any CPU
	EndGlobalSection
	GlobalSection(SolutionProperties) = preSolution
		HideSolutionNode = FALSE
	EndGlobalSection
EndGlobal
